schema: '2.0'
stages:
  data_ingestion:
    cmd: set PYTHONPATH=. && python src/cnnClassifier/pipeline/stage_01_data_ingestion.py
    deps:
    - path: config/config.yaml
      hash: md5
      md5: f8622f2140eae1938b2e63a56a8dc3f4
      size: 589
    - path: src/cnnClassifier/pipeline/stage_01_data_ingestion.py
      hash: md5
      md5: 76cde73bebaff6865626e5ca1d5034fe
      size: 918
    outs:
    - path: artifacts/data_ingestion/Chest-CT-Scan-data
      hash: md5
      md5: 904fa45d934ce879b3b1933dca6cb2f1.dir
      size: 49247431
      nfiles: 343
  prepare_base_model:
    cmd: set PYTHONPATH=. && python src/cnnClassifier/pipeline/stage_02_prepare_base_model.py
    deps:
    - path: config/config.yaml
      hash: md5
      md5: f8622f2140eae1938b2e63a56a8dc3f4
      size: 589
    - path: src/cnnClassifier/pipeline/stage_02_prepare_base_model.py
      hash: md5
      md5: be61b2909d4a8133f836407dc1d35d7f
      size: 1007
    params:
      params.yaml:
        CLASSES: 2
        IMAGE_SIZE:
        - 224
        - 224
        - 3
        INCLUDE_TOP: false
        LEARNING_RATE: 0.01
        WEIGHTS: imagenet
    outs:
    - path: artifacts/prepare_base_model
      hash: md5
      md5: 0c895f31de817f0b465926d0d8345445.dir
      size: 118054560
      nfiles: 2
  training:
    cmd: set PYTHONPATH=. && python src/cnnClassifier/pipeline/stage_03_model_trainer.py
    deps:
    - path: artifacts/data_ingestion/Chest-CT-Scan-data
      hash: md5
      md5: 904fa45d934ce879b3b1933dca6cb2f1.dir
      size: 49247431
      nfiles: 343
    - path: artifacts/prepare_base_model
      hash: md5
      md5: 0c895f31de817f0b465926d0d8345445.dir
      size: 118054560
      nfiles: 2
    - path: config/config.yaml
      hash: md5
      md5: f8622f2140eae1938b2e63a56a8dc3f4
      size: 589
    - path: src/cnnClassifier/pipeline/stage_03_model_trainer.py
      hash: md5
      md5: 04291663c7a4d8285d05f330bfc08b70
      size: 940
    params:
      params.yaml:
        AUGMENTATION: true
        BATCH_SIZE: 16
        EPOCHS: 2
        IMAGE_SIZE:
        - 224
        - 224
        - 3
    outs:
    - path: artifacts/training/model.h5
      hash: md5
      md5: 2c804d8ccc0dce2d2e5141c511991bf0
      size: 59337520
  evaluation:
    cmd: set PYTHONPATH=. && python src/cnnClassifier/pipeline/stage_04_evaluation.py
    deps:
    - path: artifacts/data_ingestion/Chest-CT-Scan-data
      hash: md5
      md5: 904fa45d934ce879b3b1933dca6cb2f1.dir
      size: 49247431
      nfiles: 343
    - path: artifacts/training/model.h5
      hash: md5
      md5: 2c804d8ccc0dce2d2e5141c511991bf0
      size: 59337520
    - path: config/config.yaml
      hash: md5
      md5: f8622f2140eae1938b2e63a56a8dc3f4
      size: 589
    - path: src/cnnClassifier/pipeline/stage_04_evaluation.py
      hash: md5
      md5: 9b572180e27154cf7a0d450471d2f7ac
      size: 935
    params:
      params.yaml:
        BATCH_SIZE: 16
        IMAGE_SIZE:
        - 224
        - 224
        - 3
    outs:
    - path: scores.json
      hash: md5
      md5: 7ad16b952c424191c07b1a78a7176e47
      size: 73
